
Microsoft Visual Studio Solution File, Format Version 12.00
# Visual Studio 2012
Project("{FAE04EC0-301F-11D3-BF4B-00C04F79EFBC}") = "MyFirstWindowsApplication", "MyFirstWindowsApplication\MyFirstWindowsApplication.csproj", "{217073C6-99EC-4B44-A016-92100B24F370}"
EndProject
Global
	GlobalSection(SolutionConfigurationPlatforms) = preSolution
		Debug|Any CPU = Debug|Any CPU
		Release|Any CPU = Release|Any CPU
	EndGlobalSection
	GlobalSection(ProjectConfigurationPlatforms) = postSolution
		{217073C6-99EC-4B44-A016-92100B24F370}.Debug|Any CPU.ActiveCfg = Debug|Any CPU
		{217073C6-99EC-4B44-A016-92100B24F370}.Debug|Any CPU.Build.0 = Debug|Any CPU
		{217073C6-99EC-4B44-A016-92100B24F370}.Release|Any CPU.ActiveCfg = Release|Any CPU
		{217073C6-99EC-4B44-A016-92100B24F370}.Release|Any CPU.Build.0 = Release|Any CPU
	EndGlobalSection
	GlobalSection(SolutionProperties) = preSolution
		HideSolutionNode = FALSE
	EndGlobalSection
EndGlobal
